
Microsoft Visual Studio Solution File, Format Version 12.00
# Visual Studio Version 17
VisualStudioVersion = 17.14.35906.104 d17.14
MinimumVisualStudioVersion = 10.0.40219.1
Project("{FAE04EC0-301F-11D3-BF4B-00C04F79EFBC}") = "WebApplication1", "WebApplication1\WebApplication1.csproj", "{5FF450F0-1B12-49A6-9274-3A8B412C3BEB}"
EndProject
Project("{2150E333-8FDC-42A3-9474-1A3956D46DE8}") = "Elementos de la solución", "Elementos de la solución", "{D107F4C8-89CC-BEA8-D3D7-CA6B7733353D}"
	ProjectSection(SolutionItems) = preProject
		.gitignore = .gitignore
	EndProjectSection
EndProject
Global
	GlobalSection(SolutionConfigurationPlatforms) = preSolution
		Debug|Any CPU = Debug|Any CPU
		Release|Any CPU = Release|Any CPU
	EndGlobalSection
	GlobalSection(ProjectConfigurationPlatforms) = postSolution
		{5FF450F0-1B12-49A6-9274-3A8B412C3BEB}.Debug|Any CPU.ActiveCfg = Debug|Any CPU
		{5FF450F0-1B12-49A6-9274-3A8B412C3BEB}.Debug|Any CPU.Build.0 = Debug|Any CPU
		{5FF450F0-1B12-49A6-9274-3A8B412C3BEB}.Release|Any CPU.ActiveCfg = Release|Any CPU
		{5FF450F0-1B12-49A6-9274-3A8B412C3BEB}.Release|Any CPU.Build.0 = Release|Any CPU
	EndGlobalSection
	GlobalSection(SolutionProperties) = preSolution
		HideSolutionNode = FALSE
	EndGlobalSection
	GlobalSection(ExtensibilityGlobals) = postSolution
		SolutionGuid = {7E6C2385-4363-46F1-88CF-6D7402454162}
	EndGlobalSection
EndGlobal
